
Microsoft Visual Studio Solution File, Format Version 12.00
Project("{2150E333-8FDC-42A3-9474-1A3956D46DE8}") = "src", "src", "{DF894F45-11EC-4EA7-93CF-B72DD514657B}"
EndProject
Project("{2150E333-8FDC-42A3-9474-1A3956D46DE8}") = "tests", "tests", "{038D2226-79FE-4CF5-9B29-AD32F82668BE}"
EndProject
Project("{FAE04EC0-301F-11D3-BF4B-00C04F79EFBC}") = "Validators.Tests", "tests\Validators.Tests\Validators.Tests.csproj", "{00A9A9DC-07D0-4BE8-94EF-67F285145188}"
EndProject
Project("{FAE04EC0-301F-11D3-BF4B-00C04F79EFBC}") = "CommomTestUtiilities", "tests\CommomTestUtiilities\CommomTestUtiilities.csproj", "{51E90A61-3B83-4094-BB1E-3B6BC9FF527F}"
EndProject
Project("{FAE04EC0-301F-11D3-BF4B-00C04F79EFBC}") = "UseCases.Test", "tests\UseCases.Test\UseCases.Test.csproj", "{A7DD9301-4E2E-43FD-AB05-FA66BC74ECC4}"
EndProject
Project("{FAE04EC0-301F-11D3-BF4B-00C04F79EFBC}") = "CashFlow.Api", "src\CashFlow.Api\CashFlow.Api.csproj", "{08691D09-1F09-4193-840D-34C4C0D96ECA}"
EndProject
Project("{FAE04EC0-301F-11D3-BF4B-00C04F79EFBC}") = "CashFlow.Application", "src\CashFlow.Application\CashFlow.Application.csproj", "{3047B0A8-33B6-42E5-8070-31E29F0CBF56}"
EndProject
Project("{FAE04EC0-301F-11D3-BF4B-00C04F79EFBC}") = "CashFlow.Communication", "src\CashFlow.Communication\CashFlow.Communication.csproj", "{1937E46C-1E5F-4198-A073-ECCD76150BA6}"
EndProject
Project("{FAE04EC0-301F-11D3-BF4B-00C04F79EFBC}") = "CashFlow.Domain", "src\CashFlow.Domain\CashFlow.Domain.csproj", "{BD0CAC7A-7600-4D91-9DBA-C8F0190FD026}"
EndProject
Project("{FAE04EC0-301F-11D3-BF4B-00C04F79EFBC}") = "CashFlow.Exception", "src\CashFlow.Exception\CashFlow.Exception.csproj", "{F8B652AF-3EDA-40E6-8026-3AC9E6D8CC6F}"
EndProject
Project("{FAE04EC0-301F-11D3-BF4B-00C04F79EFBC}") = "CashFlow.Infrastructure", "src\CashFlow.Infrastructure\CashFlow.Infrastructure.csproj", "{E9B43E68-239D-4417-8BEB-542C31DC5DCE}"
EndProject
Global
	GlobalSection(SolutionConfigurationPlatforms) = preSolution
		Debug|Any CPU = Debug|Any CPU
		Release|Any CPU = Release|Any CPU
	EndGlobalSection
	GlobalSection(ProjectConfigurationPlatforms) = postSolution
		{00A9A9DC-07D0-4BE8-94EF-67F285145188}.Debug|Any CPU.ActiveCfg = Debug|Any CPU
		{00A9A9DC-07D0-4BE8-94EF-67F285145188}.Debug|Any CPU.Build.0 = Debug|Any CPU
		{00A9A9DC-07D0-4BE8-94EF-67F285145188}.Release|Any CPU.ActiveCfg = Release|Any CPU
		{00A9A9DC-07D0-4BE8-94EF-67F285145188}.Release|Any CPU.Build.0 = Release|Any CPU
		{51E90A61-3B83-4094-BB1E-3B6BC9FF527F}.Debug|Any CPU.ActiveCfg = Debug|Any CPU
		{51E90A61-3B83-4094-BB1E-3B6BC9FF527F}.Debug|Any CPU.Build.0 = Debug|Any CPU
		{51E90A61-3B83-4094-BB1E-3B6BC9FF527F}.Release|Any CPU.ActiveCfg = Release|Any CPU
		{51E90A61-3B83-4094-BB1E-3B6BC9FF527F}.Release|Any CPU.Build.0 = Release|Any CPU
		{A7DD9301-4E2E-43FD-AB05-FA66BC74ECC4}.Debug|Any CPU.ActiveCfg = Debug|Any CPU
		{A7DD9301-4E2E-43FD-AB05-FA66BC74ECC4}.Debug|Any CPU.Build.0 = Debug|Any CPU
		{A7DD9301-4E2E-43FD-AB05-FA66BC74ECC4}.Release|Any CPU.ActiveCfg = Release|Any CPU
		{A7DD9301-4E2E-43FD-AB05-FA66BC74ECC4}.Release|Any CPU.Build.0 = Release|Any CPU
		{08691D09-1F09-4193-840D-34C4C0D96ECA}.Debug|Any CPU.ActiveCfg = Debug|Any CPU
		{08691D09-1F09-4193-840D-34C4C0D96ECA}.Debug|Any CPU.Build.0 = Debug|Any CPU
		{08691D09-1F09-4193-840D-34C4C0D96ECA}.Release|Any CPU.ActiveCfg = Release|Any CPU
		{08691D09-1F09-4193-840D-34C4C0D96ECA}.Release|Any CPU.Build.0 = Release|Any CPU
		{3047B0A8-33B6-42E5-8070-31E29F0CBF56}.Debug|Any CPU.ActiveCfg = Debug|Any CPU
		{3047B0A8-33B6-42E5-8070-31E29F0CBF56}.Debug|Any CPU.Build.0 = Debug|Any CPU
		{3047B0A8-33B6-42E5-8070-31E29F0CBF56}.Release|Any CPU.ActiveCfg = Release|Any CPU
		{3047B0A8-33B6-42E5-8070-31E29F0CBF56}.Release|Any CPU.Build.0 = Release|Any CPU
		{1937E46C-1E5F-4198-A073-ECCD76150BA6}.Debug|Any CPU.ActiveCfg = Debug|Any CPU
		{1937E46C-1E5F-4198-A073-ECCD76150BA6}.Debug|Any CPU.Build.0 = Debug|Any CPU
		{1937E46C-1E5F-4198-A073-ECCD76150BA6}.Release|Any CPU.ActiveCfg = Release|Any CPU
		{1937E46C-1E5F-4198-A073-ECCD76150BA6}.Release|Any CPU.Build.0 = Release|Any CPU
		{BD0CAC7A-7600-4D91-9DBA-C8F0190FD026}.Debug|Any CPU.ActiveCfg = Debug|Any CPU
		{BD0CAC7A-7600-4D91-9DBA-C8F0190FD026}.Debug|Any CPU.Build.0 = Debug|Any CPU
		{BD0CAC7A-7600-4D91-9DBA-C8F0190FD026}.Release|Any CPU.ActiveCfg = Release|Any CPU
		{BD0CAC7A-7600-4D91-9DBA-C8F0190FD026}.Release|Any CPU.Build.0 = Release|Any CPU
		{F8B652AF-3EDA-40E6-8026-3AC9E6D8CC6F}.Debug|Any CPU.ActiveCfg = Debug|Any CPU
		{F8B652AF-3EDA-40E6-8026-3AC9E6D8CC6F}.Debug|Any CPU.Build.0 = Debug|Any CPU
		{F8B652AF-3EDA-40E6-8026-3AC9E6D8CC6F}.Release|Any CPU.ActiveCfg = Release|Any CPU
		{F8B652AF-3EDA-40E6-8026-3AC9E6D8CC6F}.Release|Any CPU.Build.0 = Release|Any CPU
		{E9B43E68-239D-4417-8BEB-542C31DC5DCE}.Debug|Any CPU.ActiveCfg = Debug|Any CPU
		{E9B43E68-239D-4417-8BEB-542C31DC5DCE}.Debug|Any CPU.Build.0 = Debug|Any CPU
		{E9B43E68-239D-4417-8BEB-542C31DC5DCE}.Release|Any CPU.ActiveCfg = Release|Any CPU
		{E9B43E68-239D-4417-8BEB-542C31DC5DCE}.Release|Any CPU.Build.0 = Release|Any CPU
	EndGlobalSection
	GlobalSection(NestedProjects) = preSolution
		{00A9A9DC-07D0-4BE8-94EF-67F285145188} = {038D2226-79FE-4CF5-9B29-AD32F82668BE}
		{51E90A61-3B83-4094-BB1E-3B6BC9FF527F} = {038D2226-79FE-4CF5-9B29-AD32F82668BE}
		{A7DD9301-4E2E-43FD-AB05-FA66BC74ECC4} = {038D2226-79FE-4CF5-9B29-AD32F82668BE}
		{08691D09-1F09-4193-840D-34C4C0D96ECA} = {DF894F45-11EC-4EA7-93CF-B72DD514657B}
		{3047B0A8-33B6-42E5-8070-31E29F0CBF56} = {DF894F45-11EC-4EA7-93CF-B72DD514657B}
		{1937E46C-1E5F-4198-A073-ECCD76150BA6} = {DF894F45-11EC-4EA7-93CF-B72DD514657B}
		{BD0CAC7A-7600-4D91-9DBA-C8F0190FD026} = {DF894F45-11EC-4EA7-93CF-B72DD514657B}
		{F8B652AF-3EDA-40E6-8026-3AC9E6D8CC6F} = {DF894F45-11EC-4EA7-93CF-B72DD514657B}
		{E9B43E68-239D-4417-8BEB-542C31DC5DCE} = {DF894F45-11EC-4EA7-93CF-B72DD514657B}
	EndGlobalSection
EndGlobal
